// !$*UTF8*$!
{
	archiveVersion = 1;
	classes = {
	};
	objectVersion = 56;
	objects = {

/* Begin PBXBuildFile section */
		AA000001000000000000001 /* MynahPadApp.swift in Sources */ = {isa = PBXBuildFile; fileRef = AA000002000000000000001 /* MynahPadApp.swift */; };
		AA000001000000000000002 /* AppDelegate.swift in Sources */ = {isa = PBXBuildFile; fileRef = AA000002000000000000002 /* AppDelegate.swift */; };
		AA000001000000000000003 /* StatusBarController.swift in Sources */ = {isa = PBXBuildFile; fileRef = AA000002000000000000003 /* StatusBarController.swift */; };
		AA000001000000000000004 /* NoteListWindow.swift in Sources */ = {isa = PBXBuildFile; fileRef = AA000002000000000000004 /* NoteListWindow.swift */; };
		AA000001000000000000005 /* NoteListView.swift in Sources */ = {isa = PBXBuildFile; fileRef = AA000002000000000000005 /* NoteListView.swift */; };
		AA000001000000000000006 /* Note.swift in Sources */ = {isa = PBXBuildFile; fileRef = AA000002000000000000006 /* Note.swift */; };
		AA000001000000000000007 /* Folder.swift in Sources */ = {isa = PBXBuildFile; fileRef = AA000002000000000000007 /* Folder.swift */; };
		AA000001000000000000008 /* Store.swift in Sources */ = {isa = PBXBuildFile; fileRef = AA000002000000000000008 /* Store.swift */; };
		AA000001000000000000009 /* FocusTracker.swift in Sources */ = {isa = PBXBuildFile; fileRef = AA000002000000000000009 /* FocusTracker.swift */; };
		AA00000100000000000000A /* Paster.swift in Sources */ = {isa = PBXBuildFile; fileRef = AA00000200000000000000A /* Paster.swift */; };
		AA00000100000000000000B /* UpdateChecker.swift in Sources */ = {isa = PBXBuildFile; fileRef = AA00000200000000000000B /* UpdateChecker.swift */; };
/* End PBXBuildFile section */

/* Begin PBXFileReference section */
		AA000002000000000000001 /* MynahPadApp.swift */ = {isa = PBXFileReference; lastKnownFileType = sourcecode.swift; path = MynahPadApp.swift; sourceTree = "<group>"; };
		AA000002000000000000002 /* AppDelegate.swift */ = {isa = PBXFileReference; lastKnownFileType = sourcecode.swift; path = AppDelegate.swift; sourceTree = "<group>"; };
		AA000002000000000000003 /* StatusBarController.swift */ = {isa = PBXFileReference; lastKnownFileType = sourcecode.swift; path = StatusBarController.swift; sourceTree = "<group>"; };
		AA000002000000000000004 /* NoteListWindow.swift */ = {isa = PBXFileReference; lastKnownFileType = sourcecode.swift; path = NoteListWindow.swift; sourceTree = "<group>"; };
		AA000002000000000000005 /* NoteListView.swift */ = {isa = PBXFileReference; lastKnownFileType = sourcecode.swift; path = NoteListView.swift; sourceTree = "<group>"; };
		AA000002000000000000006 /* Note.swift */ = {isa = PBXFileReference; lastKnownFileType = sourcecode.swift; path = Note.swift; sourceTree = "<group>"; };
		AA000002000000000000007 /* Folder.swift */ = {isa = PBXFileReference; lastKnownFileType = sourcecode.swift; path = Folder.swift; sourceTree = "<group>"; };
		AA000002000000000000008 /* Store.swift */ = {isa = PBXFileReference; lastKnownFileType = sourcecode.swift; path = Store.swift; sourceTree = "<group>"; };
		AA000002000000000000009 /* FocusTracker.swift */ = {isa = PBXFileReference; lastKnownFileType = sourcecode.swift; path = FocusTracker.swift; sourceTree = "<group>"; };
		AA00000200000000000000A /* Paster.swift */ = {isa = PBXFileReference; lastKnownFileType = sourcecode.swift; path = Paster.swift; sourceTree = "<group>"; };
		AA00000200000000000000B /* UpdateChecker.swift */ = {isa = PBXFileReference; lastKnownFileType = sourcecode.swift; path = UpdateChecker.swift; sourceTree = "<group>"; };
		AA00000200000000000000C /* Info.plist */ = {isa = PBXFileReference; lastKnownFileType = text.plist.xml; path = Info.plist; sourceTree = "<group>"; };
		AA00000200000000000000D /* MynahPad.app */ = {isa = PBXFileReference; explicitFileType = wrapper.application; includeInIndex = 0; path = MynahPad.app; sourceTree = BUILT_PRODUCTS_DIR; };
/* End PBXFileReference section */

/* Begin PBXFrameworksBuildPhase section */
		AA000003000000000000001 /* Frameworks */ = {
			isa = PBXFrameworksBuildPhase;
			buildActionMask = 2147483647;
			files = (
			);
			runOnlyForDeploymentPostprocessing = 0;
		};
/* End PBXFrameworksBuildPhase section */

/* Begin PBXGroup section */
		AA000004000000000000001 /* MynahPad */ = {
			isa = PBXGroup;
			children = (
				AA000002000000000000001 /* MynahPadApp.swift */,
				AA000002000000000000002 /* AppDelegate.swift */,
				AA000002000000000000003 /* StatusBarController.swift */,
				AA000002000000000000004 /* NoteListWindow.swift */,
				AA000002000000000000005 /* NoteListView.swift */,
				AA000004000000000000002 /* Models */,
				AA000004000000000000003 /* Services */,
				AA00000200000000000000C /* Info.plist */,
			);
			path = MynahPad;
			sourceTree = "<group>";
		};
		AA000004000000000000002 /* Models */ = {
			isa = PBXGroup;
			children = (
				AA000002000000000000006 /* Note.swift */,
				AA000002000000000000007 /* Folder.swift */,
				AA000002000000000000008 /* Store.swift */,
			);
			path = Models;
			sourceTree = "<group>";
		};
		AA000004000000000000003 /* Services */ = {
			isa = PBXGroup;
			children = (
				AA000002000000000000009 /* FocusTracker.swift */,
				AA00000200000000000000A /* Paster.swift */,
				AA00000200000000000000B /* UpdateChecker.swift */,
			);
			path = Services;
			sourceTree = "<group>";
		};
		AA000004000000000000004 /* Products */ = {
			isa = PBXGroup;
			children = (
				AA00000200000000000000D /* MynahPad.app */,
			);
			name = Products;
			sourceTree = "<group>";
		};
		AA000004000000000000005 /* Root */ = {
			isa = PBXGroup;
			children = (
				AA000004000000000000001 /* MynahPad */,
				AA000004000000000000004 /* Products */,
			);
			sourceTree = "<group>";
		};
/* End PBXGroup section */

/* Begin PBXNativeTarget section */
		AA000005000000000000001 /* MynahPad */ = {
			isa = PBXNativeTarget;
			buildConfigurationList = AA000008000000000000002 /* Build configuration list for PBXNativeTarget "MynahPad" */;
			buildPhases = (
				AA000006000000000000001 /* Sources */,
				AA000003000000000000001 /* Frameworks */,
				AA000007000000000000001 /* Resources */,
			);
			buildRules = (
			);
			dependencies = (
			);
			name = MynahPad;
			productName = MynahPad;
			productReference = AA00000200000000000000D /* MynahPad.app */;
			productType = "com.apple.product-type.application";
		};
/* End PBXNativeTarget section */

/* Begin PBXProject section */
		AA000009000000000000001 /* Project object */ = {
			isa = PBXProject;
			attributes = {
				BuildIndependentTargetsInParallel = 1;
				LastSwiftUpdateCheck = 1430;
				LastUpgradeCheck = 1430;
				TargetAttributes = {
					AA000005000000000000001 = {
						CreatedOnToolsVersion = 14.3;
					};
				};
			};
			buildConfigurationList = AA000008000000000000001 /* Build configuration list for PBXProject "MynahPad" */;
			compatibilityVersion = "Xcode 14.0";
			developmentRegion = en;
			hasScannedForEncodings = 0;
			knownRegions = (
				en,
				Base,
			);
			mainGroup = AA000004000000000000005 /* Root */;
			productRefGroup = AA000004000000000000004 /* Products */;
			projectDirPath = "";
			projectRoot = "";
			targets = (
				AA000005000000000000001 /* MynahPad */,
			);
		};
/* End PBXProject section */

/* Begin PBXResourcesBuildPhase section */
		AA000007000000000000001 /* Resources */ = {
			isa = PBXResourcesBuildPhase;
			buildActionMask = 2147483647;
			files = (
			);
			runOnlyForDeploymentPostprocessing = 0;
		};
/* End PBXResourcesBuildPhase section */

/* Begin PBXSourcesBuildPhase section */
		AA000006000000000000001 /* Sources */ = {
			isa = PBXSourcesBuildPhase;
			buildActionMask = 2147483647;
			files = (
				AA000001000000000000001 /* MynahPadApp.swift in Sources */,
				AA000001000000000000002 /* AppDelegate.swift in Sources */,
				AA000001000000000000003 /* StatusBarController.swift in Sources */,
				AA000001000000000000004 /* NoteListWindow.swift in Sources */,
				AA000001000000000000005 /* NoteListView.swift in Sources */,
				AA000001000000000000006 /* Note.swift in Sources */,
				AA000001000000000000007 /* Folder.swift in Sources */,
				AA000001000000000000008 /* Store.swift in Sources */,
				AA000001000000000000009 /* FocusTracker.swift in Sources */,
				AA00000100000000000000A /* Paster.swift in Sources */,
				AA00000100000000000000B /* UpdateChecker.swift in Sources */,
			);
			runOnlyForDeploymentPostprocessing = 0;
		};
/* End PBXSourcesBuildPhase section */

/* Begin XCBuildConfiguration section */
		AA00000A000000000000001 /* Debug (project) */ = {
			isa = XCBuildConfiguration;
			buildSettings = {
				ALWAYS_SEARCH_USER_PATHS = NO;
				CLANG_ANALYZER_NONNULL = YES;
				CLANG_ANALYZER_NUMBER_OBJECT_CONVERSION = YES_AGGRESSIVE;
				CLANG_CXX_LANGUAGE_STANDARD = "gnu++20";
				CLANG_ENABLE_MODULES = YES;
				CLANG_ENABLE_OBJC_ARC = YES;
				CLANG_ENABLE_OBJC_WEAK = YES;
				CLANG_WARN_BLOCK_CAPTURE_AUTORELEASING = YES;
				CLANG_WARN_BOOL_CONVERSION = YES;
				CLANG_WARN_COMMA = YES;
				CLANG_WARN_CONSTANT_CONVERSION = YES;
				CLANG_WARN_DEPRECATED_OBJC_IMPLEMENTATIONS = YES;
				CLANG_WARN_DIRECT_OBJC_ISA_USAGE = YES_ERROR;
				CLANG_WARN_DOCUMENTATION_COMMENTS = YES;
				CLANG_WARN_EMPTY_BODY = YES;
				CLANG_WARN_ENUM_CONVERSION = YES;
				CLANG_WARN_INFINITE_RECURSION = YES;
				CLANG_WARN_INT_CONVERSION = YES;
				CLANG_WARN_NON_LITERAL_NULL_CONVERSION = YES;
				CLANG_WARN_OBJC_IMPLICIT_RETAIN_CYCLE = YES;
				CLANG_WARN_OBJC_LITERAL_CONVERSION = YES;
				CLANG_WARN_OBJC_ROOT_CLASS = YES_ERROR;
				CLANG_WARN_QUOTED_INCLUDE_IN_FRAMEWORK_HEADER = YES;
				CLANG_WARN_RANGE_LOOP_ANALYSIS = YES;
				CLANG_WARN_STRICT_PROTOTYPES = YES;
				CLANG_WARN_SUSPICIOUS_MOVE = YES;
				CLANG_WARN_UNGUARDED_AVAILABILITY = YES_AGGRESSIVE;
				CLANG_WARN_UNREACHABLE_CODE = YES;
				CLANG_WARN__DUPLICATE_METHOD_MATCH = YES;
				COPY_PHASE_STRIP = NO;
				DEBUG_INFORMATION_FORMAT = dwarf;
				ENABLE_STRICT_OBJC_MSGSEND = YES;
				ENABLE_TESTABILITY = YES;
				GCC_C_LANGUAGE_STANDARD = gnu11;
				GCC_DYNAMIC_NO_PIC = NO;
				GCC_NO_COMMON_BLOCKS = YES;
				GCC_OPTIMIZATION_LEVEL = 0;
				GCC_PREPROCESSOR_DEFINITIONS = (
					"DEBUG=1",
					"$(inherited)",
				);
				GCC_WARN_64_TO_32_BIT_CONVERSION = YES;
				GCC_WARN_ABOUT_RETURN_TYPE = YES_ERROR;
				GCC_WARN_UNDECLARED_SELECTOR = YES;
				GCC_WARN_UNINITIALIZED_AUTOS = YES_AGGRESSIVE;
				GCC_WARN_UNUSED_FUNCTION = YES;
				GCC_WARN_UNUSED_VARIABLE = YES;
				MACOSX_DEPLOYMENT_TARGET = 12.0;
				MTL_ENABLE_DEBUG_INFO = INCLUDE_SOURCE;
				MTL_FAST_MATH = YES;
				ONLY_ACTIVE_ARCH = YES;
				SDKROOT = macosx;
				SWIFT_ACTIVE_COMPILATION_CONDITIONS = DEBUG;
				SWIFT_OPTIMIZATION_LEVEL = "-Onone";
			};
			name = Debug;
		};
		AA00000A000000000000002 /* Release (project) */ = {
			isa = XCBuildConfiguration;
			buildSettings = {
				ALWAYS_SEARCH_USER_PATHS = NO;
				CLANG_ANALYZER_NONNULL = YES;
				CLANG_ANALYZER_NUMBER_OBJECT_CONVERSION = YES_AGGRESSIVE;
				CLANG_CXX_LANGUAGE_STANDARD = "gnu++20";
				CLANG_ENABLE_MODULES = YES;
				CLANG_ENABLE_OBJC_ARC = YES;
				CLANG_ENABLE_OBJC_WEAK = YES;
				CLANG_WARN_BLOCK_CAPTURE_AUTORELEASING = YES;
				CLANG_WARN_BOOL_CONVERSION = YES;
				CLANG_WARN_COMMA = YES;
				CLANG_WARN_CONSTANT_CONVERSION = YES;
				CLANG_WARN_DEPRECATED_OBJC_IMPLEMENTATIONS = YES;
				CLANG_WARN_DIRECT_OBJC_ISA_USAGE = YES_ERROR;
				CLANG_WARN_DOCUMENTATION_COMMENTS = YES;
				CLANG_WARN_EMPTY_BODY = YES;
				CLANG_WARN_ENUM_CONVERSION = YES;
				CLANG_WARN_INFINITE_RECURSION = YES;
				CLANG_WARN_INT_CONVERSION = YES;
				CLANG_WARN_NON_LITERAL_NULL_CONVERSION = YES;
				CLANG_WARN_OBJC_IMPLICIT_RETAIN_CYCLE = YES;
				CLANG_WARN_OBJC_LITERAL_CONVERSION = YES;
				CLANG_WARN_OBJC_ROOT_CLASS = YES_ERROR;
				CLANG_WARN_QUOTED_INCLUDE_IN_FRAMEWORK_HEADER = YES;
				CLANG_WARN_RANGE_LOOP_ANALYSIS = YES;
				CLANG_WARN_STRICT_PROTOTYPES = YES;
				CLANG_WARN_SUSPICIOUS_MOVE = YES;
				CLANG_WARN_UNGUARDED_AVAILABILITY = YES_AGGRESSIVE;
				CLANG_WARN_UNREACHABLE_CODE = YES;
				CLANG_WARN__DUPLICATE_METHOD_MATCH = YES;
				COPY_PHASE_STRIP = NO;
				DEBUG_INFORMATION_FORMAT = "dwarf-with-dsym";
				ENABLE_NS_ASSERTIONS = NO;
				ENABLE_STRICT_OBJC_MSGSEND = YES;
				GCC_C_LANGUAGE_STANDARD = gnu11;
				GCC_NO_COMMON_BLOCKS = YES;
				GCC_WARN_64_TO_32_BIT_CONVERSION = YES;
				GCC_WARN_ABOUT_RETURN_TYPE = YES_ERROR;
				GCC_WARN_UNDECLARED_SELECTOR = YES;
				GCC_WARN_UNINITIALIZED_AUTOS = YES_AGGRESSIVE;
				GCC_WARN_UNUSED_FUNCTION = YES;
				GCC_WARN_UNUSED_VARIABLE = YES;
				MACOSX_DEPLOYMENT_TARGET = 12.0;
				MTL_ENABLE_DEBUG_INFO = NO;
				MTL_FAST_MATH = YES;
				SDKROOT = macosx;
				SWIFT_COMPILATION_MODE = wholemodule;
				SWIFT_OPTIMIZATION_LEVEL = "-O";
			};
			name = Release;
		};
		AA00000B000000000000001 /* Debug (target) */ = {
			isa = XCBuildConfiguration;
			buildSettings = {
				CODE_SIGN_STYLE = Automatic;
				COMBINE_HIDPI_IMAGES = YES;
				DEAD_CODE_STRIPPING = YES;
				INFOPLIST_FILE = MynahPad/Info.plist;
				LD_RUNPATH_SEARCH_PATHS = (
					"$(inherited)",
					"@executable_path/../Frameworks",
				);
				MACOSX_DEPLOYMENT_TARGET = 12.0;
				PRODUCT_BUNDLE_IDENTIFIER = "com.mynahpad.app";
				PRODUCT_NAME = MynahPad;
				SWIFT_VERSION = 5.9;
			};
			name = Debug;
		};
		AA00000B000000000000002 /* Release (target) */ = {
			isa = XCBuildConfiguration;
			buildSettings = {
				CODE_SIGN_STYLE = Automatic;
				COMBINE_HIDPI_IMAGES = YES;
				DEAD_CODE_STRIPPING = YES;
				INFOPLIST_FILE = MynahPad/Info.plist;
				LD_RUNPATH_SEARCH_PATHS = (
					"$(inherited)",
					"@executable_path/../Frameworks",
				);
				MACOSX_DEPLOYMENT_TARGET = 12.0;
				PRODUCT_BUNDLE_IDENTIFIER = "com.mynahpad.app";
				PRODUCT_NAME = MynahPad;
				SWIFT_VERSION = 5.9;
			};
			name = Release;
		};
/* End XCBuildConfiguration section */

/* Begin XCConfigurationList section */
		AA000008000000000000001 /* Build configuration list for PBXProject "MynahPad" */ = {
			isa = XCConfigurationList;
			buildConfigurations = (
				AA00000A000000000000001 /* Debug */,
				AA00000A000000000000002 /* Release */,
			);
			defaultConfigurationIsVisible = 0;
			defaultConfigurationName = Release;
		};
		AA000008000000000000002 /* Build configuration list for PBXNativeTarget "MynahPad" */ = {
			isa = XCConfigurationList;
			buildConfigurations = (
				AA00000B000000000000001 /* Debug */,
				AA00000B000000000000002 /* Release */,
			);
			defaultConfigurationIsVisible = 0;
			defaultConfigurationName = Release;
		};
/* End XCConfigurationList section */

	};
	rootObject = AA000009000000000000001 /* Project object */;
}
